
Microsoft Visual Studio Solution File, Format Version 12.00
# Visual Studio Version 17
VisualStudioVersion = 17.10.35122.118
MinimumVisualStudioVersion = 10.0.40219.1
Project("{8BC9CEB8-8B4A-11D0-8D11-00A0C91BC942}") = "WEEK001", "WEEK1\WEEK1.vcxproj", "{2245890B-BC47-4467-8CA2-4A493C7F560C}"
EndProject
Project("{8BC9CEB8-8B4A-11D0-8D11-00A0C91BC942}") = "WEEK002", "WEEK2\WEEK2.vcxproj", "{E18FF11D-7029-4FFA-965D-1457036CF8B6}"
EndProject
Project("{8BC9CEB8-8B4A-11D0-8D11-00A0C91BC942}") = "WEEK004", "WEEK4\WEEK4.vcxproj", "{5437B43D-3BBC-4303-8AF0-5BF9FF65061D}"
EndProject
Project("{8BC9CEB8-8B4A-11D0-8D11-00A0C91BC942}") = "baeckjoon", "baeckjoon\baeckjoon.vcxproj", "{B4C5BB23-D7C4-449F-B364-FE5C967934F2}"
EndProject
Project("{8BC9CEB8-8B4A-11D0-8D11-00A0C91BC942}") = "WEEK005_assignment", "WEEK5_assignment\WEEK5_assignment.vcxproj", "{2E6899FF-032D-46D9-8698-D097822FE9A8}"
EndProject
Project("{8BC9CEB8-8B4A-11D0-8D11-00A0C91BC942}") = "프로그래밍응용 중간 정리본(반복문 제외)", "프로그래밍응용 중간 정리본(반복문 제외)\프로그래밍응용 중간 정리본(반복문 제외).vcxproj", "{AE0B2B17-5D01-4A71-B86B-7D0013209CF9}"
EndProject
Project("{8BC9CEB8-8B4A-11D0-8D11-00A0C91BC942}") = "chatgptpractice", "chatgptpractice\chatgptpractice.vcxproj", "{626934C2-B882-4D9E-BBA4-34A5565846F7}"
EndProject
Project("{8BC9CEB8-8B4A-11D0-8D11-00A0C91BC942}") = "WEEK006", "WEEK6\WEEK6_.vcxproj", "{02FD1C5F-6B53-468F-8A78-98D388955131}"
EndProject
Project("{8BC9CEB8-8B4A-11D0-8D11-00A0C91BC942}") = "WEEK004_assignment", "WEEK4_assignment\Weather_calculator.vcxproj", "{AA6960EC-D439-4EC9-8E18-963375FEF4D4}"
EndProject
Project("{8BC9CEB8-8B4A-11D0-8D11-00A0C91BC942}") = "WEEK007", "WEEK7\WEEK7.vcxproj", "{BA7A256E-FABD-4245-B153-9621DB63B1C4}"
EndProject
Project("{8BC9CEB8-8B4A-11D0-8D11-00A0C91BC942}") = "WEEK007_assignment", "WEEK7_assignment\WEEK7_assignment.vcxproj", "{53EDA8E7-0092-4686-9EB4-66B9F7BDEAAD}"
EndProject
Project("{8BC9CEB8-8B4A-11D0-8D11-00A0C91BC942}") = "WEEK008", "WEEK8\WEEK8.vcxproj", "{1479E550-50A0-41C3-8B6C-27189BBE4233}"
EndProject
Project("{8BC9CEB8-8B4A-11D0-8D11-00A0C91BC942}") = "WEEK009", "WEEK9\WEEK9.vcxproj", "{0A505D7F-6B32-48AB-BC57-0DDE8381E340}"
EndProject
Project("{8BC9CEB8-8B4A-11D0-8D11-00A0C91BC942}") = "WEEK010", "WEEK10\WEEK10.vcxproj", "{086024C0-EA83-468B-B2E6-E7F477F689D2}"
EndProject
Project("{8BC9CEB8-8B4A-11D0-8D11-00A0C91BC942}") = "WEEK009_assignment", "WEEK9_assignment\WEEK9_assignment.vcxproj", "{3CCEF640-8480-4AC6-A698-D4FCB9AACBFB}"
EndProject
Project("{8BC9CEB8-8B4A-11D0-8D11-00A0C91BC942}") = "WEEK011", "WEEK011\WEEK011.vcxproj", "{04485504-FADD-4A0E-8076-A7CDFFBB3623}"
EndProject
Global
	GlobalSection(SolutionConfigurationPlatforms) = preSolution
		Debug|x64 = Debug|x64
		Debug|x86 = Debug|x86
		Release|x64 = Release|x64
		Release|x86 = Release|x86
	EndGlobalSection
	GlobalSection(ProjectConfigurationPlatforms) = postSolution
		{2245890B-BC47-4467-8CA2-4A493C7F560C}.Debug|x64.ActiveCfg = Debug|x64
		{2245890B-BC47-4467-8CA2-4A493C7F560C}.Debug|x64.Build.0 = Debug|x64
		{2245890B-BC47-4467-8CA2-4A493C7F560C}.Debug|x86.ActiveCfg = Debug|Win32
		{2245890B-BC47-4467-8CA2-4A493C7F560C}.Debug|x86.Build.0 = Debug|Win32
		{2245890B-BC47-4467-8CA2-4A493C7F560C}.Release|x64.ActiveCfg = Release|x64
		{2245890B-BC47-4467-8CA2-4A493C7F560C}.Release|x64.Build.0 = Release|x64
		{2245890B-BC47-4467-8CA2-4A493C7F560C}.Release|x86.ActiveCfg = Release|Win32
		{2245890B-BC47-4467-8CA2-4A493C7F560C}.Release|x86.Build.0 = Release|Win32
		{E18FF11D-7029-4FFA-965D-1457036CF8B6}.Debug|x64.ActiveCfg = Debug|x64
		{E18FF11D-7029-4FFA-965D-1457036CF8B6}.Debug|x64.Build.0 = Debug|x64
		{E18FF11D-7029-4FFA-965D-1457036CF8B6}.Debug|x86.ActiveCfg = Debug|Win32
		{E18FF11D-7029-4FFA-965D-1457036CF8B6}.Debug|x86.Build.0 = Debug|Win32
		{E18FF11D-7029-4FFA-965D-1457036CF8B6}.Release|x64.ActiveCfg = Release|x64
		{E18FF11D-7029-4FFA-965D-1457036CF8B6}.Release|x64.Build.0 = Release|x64
		{E18FF11D-7029-4FFA-965D-1457036CF8B6}.Release|x86.ActiveCfg = Release|Win32
		{E18FF11D-7029-4FFA-965D-1457036CF8B6}.Release|x86.Build.0 = Release|Win32
		{5437B43D-3BBC-4303-8AF0-5BF9FF65061D}.Debug|x64.ActiveCfg = Debug|x64
		{5437B43D-3BBC-4303-8AF0-5BF9FF65061D}.Debug|x64.Build.0 = Debug|x64
		{5437B43D-3BBC-4303-8AF0-5BF9FF65061D}.Debug|x86.ActiveCfg = Debug|Win32
		{5437B43D-3BBC-4303-8AF0-5BF9FF65061D}.Debug|x86.Build.0 = Debug|Win32
		{5437B43D-3BBC-4303-8AF0-5BF9FF65061D}.Release|x64.ActiveCfg = Release|x64
		{5437B43D-3BBC-4303-8AF0-5BF9FF65061D}.Release|x64.Build.0 = Release|x64
		{5437B43D-3BBC-4303-8AF0-5BF9FF65061D}.Release|x86.ActiveCfg = Release|Win32
		{5437B43D-3BBC-4303-8AF0-5BF9FF65061D}.Release|x86.Build.0 = Release|Win32
		{B4C5BB23-D7C4-449F-B364-FE5C967934F2}.Debug|x64.ActiveCfg = Debug|x64
		{B4C5BB23-D7C4-449F-B364-FE5C967934F2}.Debug|x64.Build.0 = Debug|x64
		{B4C5BB23-D7C4-449F-B364-FE5C967934F2}.Debug|x86.ActiveCfg = Debug|Win32
		{B4C5BB23-D7C4-449F-B364-FE5C967934F2}.Debug|x86.Build.0 = Debug|Win32
		{B4C5BB23-D7C4-449F-B364-FE5C967934F2}.Release|x64.ActiveCfg = Release|x64
		{B4C5BB23-D7C4-449F-B364-FE5C967934F2}.Release|x64.Build.0 = Release|x64
		{B4C5BB23-D7C4-449F-B364-FE5C967934F2}.Release|x86.ActiveCfg = Release|Win32
		{B4C5BB23-D7C4-449F-B364-FE5C967934F2}.Release|x86.Build.0 = Release|Win32
		{2E6899FF-032D-46D9-8698-D097822FE9A8}.Debug|x64.ActiveCfg = Debug|x64
		{2E6899FF-032D-46D9-8698-D097822FE9A8}.Debug|x64.Build.0 = Debug|x64
		{2E6899FF-032D-46D9-8698-D097822FE9A8}.Debug|x86.ActiveCfg = Debug|Win32
		{2E6899FF-032D-46D9-8698-D097822FE9A8}.Debug|x86.Build.0 = Debug|Win32
		{2E6899FF-032D-46D9-8698-D097822FE9A8}.Release|x64.ActiveCfg = Release|x64
		{2E6899FF-032D-46D9-8698-D097822FE9A8}.Release|x64.Build.0 = Release|x64
		{2E6899FF-032D-46D9-8698-D097822FE9A8}.Release|x86.ActiveCfg = Release|Win32
		{2E6899FF-032D-46D9-8698-D097822FE9A8}.Release|x86.Build.0 = Release|Win32
		{AE0B2B17-5D01-4A71-B86B-7D0013209CF9}.Debug|x64.ActiveCfg = Debug|x64
		{AE0B2B17-5D01-4A71-B86B-7D0013209CF9}.Debug|x64.Build.0 = Debug|x64
		{AE0B2B17-5D01-4A71-B86B-7D0013209CF9}.Debug|x86.ActiveCfg = Debug|Win32
		{AE0B2B17-5D01-4A71-B86B-7D0013209CF9}.Debug|x86.Build.0 = Debug|Win32
		{AE0B2B17-5D01-4A71-B86B-7D0013209CF9}.Release|x64.ActiveCfg = Release|x64
		{AE0B2B17-5D01-4A71-B86B-7D0013209CF9}.Release|x64.Build.0 = Release|x64
		{AE0B2B17-5D01-4A71-B86B-7D0013209CF9}.Release|x86.ActiveCfg = Release|Win32
		{AE0B2B17-5D01-4A71-B86B-7D0013209CF9}.Release|x86.Build.0 = Release|Win32
		{626934C2-B882-4D9E-BBA4-34A5565846F7}.Debug|x64.ActiveCfg = Debug|x64
		{626934C2-B882-4D9E-BBA4-34A5565846F7}.Debug|x64.Build.0 = Debug|x64
		{626934C2-B882-4D9E-BBA4-34A5565846F7}.Debug|x86.ActiveCfg = Debug|Win32
		{626934C2-B882-4D9E-BBA4-34A5565846F7}.Debug|x86.Build.0 = Debug|Win32
		{626934C2-B882-4D9E-BBA4-34A5565846F7}.Release|x64.ActiveCfg = Release|x64
		{626934C2-B882-4D9E-BBA4-34A5565846F7}.Release|x64.Build.0 = Release|x64
		{626934C2-B882-4D9E-BBA4-34A5565846F7}.Release|x86.ActiveCfg = Release|Win32
		{626934C2-B882-4D9E-BBA4-34A5565846F7}.Release|x86.Build.0 = Release|Win32
		{02FD1C5F-6B53-468F-8A78-98D388955131}.Debug|x64.ActiveCfg = Debug|x64
		{02FD1C5F-6B53-468F-8A78-98D388955131}.Debug|x64.Build.0 = Debug|x64
		{02FD1C5F-6B53-468F-8A78-98D388955131}.Debug|x86.ActiveCfg = Debug|Win32
		{02FD1C5F-6B53-468F-8A78-98D388955131}.Debug|x86.Build.0 = Debug|Win32
		{02FD1C5F-6B53-468F-8A78-98D388955131}.Release|x64.ActiveCfg = Release|x64
		{02FD1C5F-6B53-468F-8A78-98D388955131}.Release|x64.Build.0 = Release|x64
		{02FD1C5F-6B53-468F-8A78-98D388955131}.Release|x86.ActiveCfg = Release|Win32
		{02FD1C5F-6B53-468F-8A78-98D388955131}.Release|x86.Build.0 = Release|Win32
		{AA6960EC-D439-4EC9-8E18-963375FEF4D4}.Debug|x64.ActiveCfg = Debug|x64
		{AA6960EC-D439-4EC9-8E18-963375FEF4D4}.Debug|x64.Build.0 = Debug|x64
		{AA6960EC-D439-4EC9-8E18-963375FEF4D4}.Debug|x86.ActiveCfg = Debug|Win32
		{AA6960EC-D439-4EC9-8E18-963375FEF4D4}.Debug|x86.Build.0 = Debug|Win32
		{AA6960EC-D439-4EC9-8E18-963375FEF4D4}.Release|x64.ActiveCfg = Release|x64
		{AA6960EC-D439-4EC9-8E18-963375FEF4D4}.Release|x64.Build.0 = Release|x64
		{AA6960EC-D439-4EC9-8E18-963375FEF4D4}.Release|x86.ActiveCfg = Release|Win32
		{AA6960EC-D439-4EC9-8E18-963375FEF4D4}.Release|x86.Build.0 = Release|Win32
		{BA7A256E-FABD-4245-B153-9621DB63B1C4}.Debug|x64.ActiveCfg = Debug|x64
		{BA7A256E-FABD-4245-B153-9621DB63B1C4}.Debug|x64.Build.0 = Debug|x64
		{BA7A256E-FABD-4245-B153-9621DB63B1C4}.Debug|x86.ActiveCfg = Debug|Win32
		{BA7A256E-FABD-4245-B153-9621DB63B1C4}.Debug|x86.Build.0 = Debug|Win32
		{BA7A256E-FABD-4245-B153-9621DB63B1C4}.Release|x64.ActiveCfg = Release|x64
		{BA7A256E-FABD-4245-B153-9621DB63B1C4}.Release|x64.Build.0 = Release|x64
		{BA7A256E-FABD-4245-B153-9621DB63B1C4}.Release|x86.ActiveCfg = Release|Win32
		{BA7A256E-FABD-4245-B153-9621DB63B1C4}.Release|x86.Build.0 = Release|Win32
		{53EDA8E7-0092-4686-9EB4-66B9F7BDEAAD}.Debug|x64.ActiveCfg = Debug|x64
		{53EDA8E7-0092-4686-9EB4-66B9F7BDEAAD}.Debug|x64.Build.0 = Debug|x64
		{53EDA8E7-0092-4686-9EB4-66B9F7BDEAAD}.Debug|x86.ActiveCfg = Debug|Win32
		{53EDA8E7-0092-4686-9EB4-66B9F7BDEAAD}.Debug|x86.Build.0 = Debug|Win32
		{53EDA8E7-0092-4686-9EB4-66B9F7BDEAAD}.Release|x64.ActiveCfg = Release|x64
		{53EDA8E7-0092-4686-9EB4-66B9F7BDEAAD}.Release|x64.Build.0 = Release|x64
		{53EDA8E7-0092-4686-9EB4-66B9F7BDEAAD}.Release|x86.ActiveCfg = Release|Win32
		{53EDA8E7-0092-4686-9EB4-66B9F7BDEAAD}.Release|x86.Build.0 = Release|Win32
		{1479E550-50A0-41C3-8B6C-27189BBE4233}.Debug|x64.ActiveCfg = Debug|x64
		{1479E550-50A0-41C3-8B6C-27189BBE4233}.Debug|x64.Build.0 = Debug|x64
		{1479E550-50A0-41C3-8B6C-27189BBE4233}.Debug|x86.ActiveCfg = Debug|Win32
		{1479E550-50A0-41C3-8B6C-27189BBE4233}.Debug|x86.Build.0 = Debug|Win32
		{1479E550-50A0-41C3-8B6C-27189BBE4233}.Release|x64.ActiveCfg = Release|x64
		{1479E550-50A0-41C3-8B6C-27189BBE4233}.Release|x64.Build.0 = Release|x64
		{1479E550-50A0-41C3-8B6C-27189BBE4233}.Release|x86.ActiveCfg = Release|Win32
		{1479E550-50A0-41C3-8B6C-27189BBE4233}.Release|x86.Build.0 = Release|Win32
		{0A505D7F-6B32-48AB-BC57-0DDE8381E340}.Debug|x64.ActiveCfg = Debug|x64
		{0A505D7F-6B32-48AB-BC57-0DDE8381E340}.Debug|x64.Build.0 = Debug|x64
		{0A505D7F-6B32-48AB-BC57-0DDE8381E340}.Debug|x86.ActiveCfg = Debug|Win32
		{0A505D7F-6B32-48AB-BC57-0DDE8381E340}.Debug|x86.Build.0 = Debug|Win32
		{0A505D7F-6B32-48AB-BC57-0DDE8381E340}.Release|x64.ActiveCfg = Release|x64
		{0A505D7F-6B32-48AB-BC57-0DDE8381E340}.Release|x64.Build.0 = Release|x64
		{0A505D7F-6B32-48AB-BC57-0DDE8381E340}.Release|x86.ActiveCfg = Release|Win32
		{0A505D7F-6B32-48AB-BC57-0DDE8381E340}.Release|x86.Build.0 = Release|Win32
		{086024C0-EA83-468B-B2E6-E7F477F689D2}.Debug|x64.ActiveCfg = Debug|x64
		{086024C0-EA83-468B-B2E6-E7F477F689D2}.Debug|x64.Build.0 = Debug|x64
		{086024C0-EA83-468B-B2E6-E7F477F689D2}.Debug|x86.ActiveCfg = Debug|Win32
		{086024C0-EA83-468B-B2E6-E7F477F689D2}.Debug|x86.Build.0 = Debug|Win32
		{086024C0-EA83-468B-B2E6-E7F477F689D2}.Release|x64.ActiveCfg = Release|x64
		{086024C0-EA83-468B-B2E6-E7F477F689D2}.Release|x64.Build.0 = Release|x64
		{086024C0-EA83-468B-B2E6-E7F477F689D2}.Release|x86.ActiveCfg = Release|Win32
		{086024C0-EA83-468B-B2E6-E7F477F689D2}.Release|x86.Build.0 = Release|Win32
		{3CCEF640-8480-4AC6-A698-D4FCB9AACBFB}.Debug|x64.ActiveCfg = Debug|x64
		{3CCEF640-8480-4AC6-A698-D4FCB9AACBFB}.Debug|x64.Build.0 = Debug|x64
		{3CCEF640-8480-4AC6-A698-D4FCB9AACBFB}.Debug|x86.ActiveCfg = Debug|Win32
		{3CCEF640-8480-4AC6-A698-D4FCB9AACBFB}.Debug|x86.Build.0 = Debug|Win32
		{3CCEF640-8480-4AC6-A698-D4FCB9AACBFB}.Release|x64.ActiveCfg = Release|x64
		{3CCEF640-8480-4AC6-A698-D4FCB9AACBFB}.Release|x64.Build.0 = Release|x64
		{3CCEF640-8480-4AC6-A698-D4FCB9AACBFB}.Release|x86.ActiveCfg = Release|Win32
		{3CCEF640-8480-4AC6-A698-D4FCB9AACBFB}.Release|x86.Build.0 = Release|Win32
		{04485504-FADD-4A0E-8076-A7CDFFBB3623}.Debug|x64.ActiveCfg = Debug|x64
		{04485504-FADD-4A0E-8076-A7CDFFBB3623}.Debug|x64.Build.0 = Debug|x64
		{04485504-FADD-4A0E-8076-A7CDFFBB3623}.Debug|x86.ActiveCfg = Debug|Win32
		{04485504-FADD-4A0E-8076-A7CDFFBB3623}.Debug|x86.Build.0 = Debug|Win32
		{04485504-FADD-4A0E-8076-A7CDFFBB3623}.Release|x64.ActiveCfg = Release|x64
		{04485504-FADD-4A0E-8076-A7CDFFBB3623}.Release|x64.Build.0 = Release|x64
		{04485504-FADD-4A0E-8076-A7CDFFBB3623}.Release|x86.ActiveCfg = Release|Win32
		{04485504-FADD-4A0E-8076-A7CDFFBB3623}.Release|x86.Build.0 = Release|Win32
	EndGlobalSection
	GlobalSection(SolutionProperties) = preSolution
		HideSolutionNode = FALSE
	EndGlobalSection
	GlobalSection(ExtensibilityGlobals) = postSolution
		SolutionGuid = {1A243CED-F6D4-4E82-85E2-72E55529CF30}
	EndGlobalSection
EndGlobal
