
Microsoft Visual Studio Solution File, Format Version 12.00
# Visual Studio Version 17
VisualStudioVersion = 17.10.35122.118
MinimumVisualStudioVersion = 10.0.40219.1
Project("{8BC9CEB8-8B4A-11D0-8D11-00A0C91BC942}") = "WEEK1", "WEEK1\WEEK1.vcxproj", "{2245890B-BC47-4467-8CA2-4A493C7F560C}"
EndProject
Project("{8BC9CEB8-8B4A-11D0-8D11-00A0C91BC942}") = "WEEK2", "WEEK2\WEEK2.vcxproj", "{E18FF11D-7029-4FFA-965D-1457036CF8B6}"
EndProject
Project("{8BC9CEB8-8B4A-11D0-8D11-00A0C91BC942}") = "WEEK4", "WEEK4\WEEK4.vcxproj", "{5437B43D-3BBC-4303-8AF0-5BF9FF65061D}"
EndProject
Project("{8BC9CEB8-8B4A-11D0-8D11-00A0C91BC942}") = "WEEK4_assignment", "WEEK5\WEEK5.vcxproj", "{1D6E34E1-1693-429D-8134-2CC0ADCAC7BB}"
EndProject
Project("{8BC9CEB8-8B4A-11D0-8D11-00A0C91BC942}") = "baeckjoon", "baeckjoon\baeckjoon.vcxproj", "{B4C5BB23-D7C4-449F-B364-FE5C967934F2}"
EndProject
Project("{8BC9CEB8-8B4A-11D0-8D11-00A0C91BC942}") = "WEEK5", "WEEK6\WEEK6.vcxproj", "{9D03358C-5FFA-4604-A219-2C39FFCF0DCD}"
EndProject
Project("{8BC9CEB8-8B4A-11D0-8D11-00A0C91BC942}") = "WEEK5_assignment", "WEEK5_assignment\WEEK5_assignment.vcxproj", "{2E6899FF-032D-46D9-8698-D097822FE9A8}"
EndProject
Project("{8BC9CEB8-8B4A-11D0-8D11-00A0C91BC942}") = "WEEK6", "WEEK6_\WEEK6_.vcxproj", "{02FD1C5F-6B53-468F-8A78-98D388955131}"
EndProject
Project("{8BC9CEB8-8B4A-11D0-8D11-00A0C91BC942}") = "프로그래밍응용 중간 정리본(반복문 제외)", "프로그래밍응용 중간 정리본(반복문 제외)\프로그래밍응용 중간 정리본(반복문 제외).vcxproj", "{AE0B2B17-5D01-4A71-B86B-7D0013209CF9}"
EndProject
Global
	GlobalSection(SolutionConfigurationPlatforms) = preSolution
		Debug|x64 = Debug|x64
		Debug|x86 = Debug|x86
		Release|x64 = Release|x64
		Release|x86 = Release|x86
	EndGlobalSection
	GlobalSection(ProjectConfigurationPlatforms) = postSolution
		{2245890B-BC47-4467-8CA2-4A493C7F560C}.Debug|x64.ActiveCfg = Debug|x64
		{2245890B-BC47-4467-8CA2-4A493C7F560C}.Debug|x64.Build.0 = Debug|x64
		{2245890B-BC47-4467-8CA2-4A493C7F560C}.Debug|x86.ActiveCfg = Debug|Win32
		{2245890B-BC47-4467-8CA2-4A493C7F560C}.Debug|x86.Build.0 = Debug|Win32
		{2245890B-BC47-4467-8CA2-4A493C7F560C}.Release|x64.ActiveCfg = Release|x64
		{2245890B-BC47-4467-8CA2-4A493C7F560C}.Release|x64.Build.0 = Release|x64
		{2245890B-BC47-4467-8CA2-4A493C7F560C}.Release|x86.ActiveCfg = Release|Win32
		{2245890B-BC47-4467-8CA2-4A493C7F560C}.Release|x86.Build.0 = Release|Win32
		{E18FF11D-7029-4FFA-965D-1457036CF8B6}.Debug|x64.ActiveCfg = Debug|x64
		{E18FF11D-7029-4FFA-965D-1457036CF8B6}.Debug|x64.Build.0 = Debug|x64
		{E18FF11D-7029-4FFA-965D-1457036CF8B6}.Debug|x86.ActiveCfg = Debug|Win32
		{E18FF11D-7029-4FFA-965D-1457036CF8B6}.Debug|x86.Build.0 = Debug|Win32
		{E18FF11D-7029-4FFA-965D-1457036CF8B6}.Release|x64.ActiveCfg = Release|x64
		{E18FF11D-7029-4FFA-965D-1457036CF8B6}.Release|x64.Build.0 = Release|x64
		{E18FF11D-7029-4FFA-965D-1457036CF8B6}.Release|x86.ActiveCfg = Release|Win32
		{E18FF11D-7029-4FFA-965D-1457036CF8B6}.Release|x86.Build.0 = Release|Win32
		{5437B43D-3BBC-4303-8AF0-5BF9FF65061D}.Debug|x64.ActiveCfg = Debug|x64
		{5437B43D-3BBC-4303-8AF0-5BF9FF65061D}.Debug|x64.Build.0 = Debug|x64
		{5437B43D-3BBC-4303-8AF0-5BF9FF65061D}.Debug|x86.ActiveCfg = Debug|Win32
		{5437B43D-3BBC-4303-8AF0-5BF9FF65061D}.Debug|x86.Build.0 = Debug|Win32
		{5437B43D-3BBC-4303-8AF0-5BF9FF65061D}.Release|x64.ActiveCfg = Release|x64
		{5437B43D-3BBC-4303-8AF0-5BF9FF65061D}.Release|x64.Build.0 = Release|x64
		{5437B43D-3BBC-4303-8AF0-5BF9FF65061D}.Release|x86.ActiveCfg = Release|Win32
		{5437B43D-3BBC-4303-8AF0-5BF9FF65061D}.Release|x86.Build.0 = Release|Win32
		{1D6E34E1-1693-429D-8134-2CC0ADCAC7BB}.Debug|x64.ActiveCfg = Debug|x64
		{1D6E34E1-1693-429D-8134-2CC0ADCAC7BB}.Debug|x64.Build.0 = Debug|x64
		{1D6E34E1-1693-429D-8134-2CC0ADCAC7BB}.Debug|x86.ActiveCfg = Debug|Win32
		{1D6E34E1-1693-429D-8134-2CC0ADCAC7BB}.Debug|x86.Build.0 = Debug|Win32
		{1D6E34E1-1693-429D-8134-2CC0ADCAC7BB}.Release|x64.ActiveCfg = Release|x64
		{1D6E34E1-1693-429D-8134-2CC0ADCAC7BB}.Release|x64.Build.0 = Release|x64
		{1D6E34E1-1693-429D-8134-2CC0ADCAC7BB}.Release|x86.ActiveCfg = Release|Win32
		{1D6E34E1-1693-429D-8134-2CC0ADCAC7BB}.Release|x86.Build.0 = Release|Win32
		{B4C5BB23-D7C4-449F-B364-FE5C967934F2}.Debug|x64.ActiveCfg = Debug|x64
		{B4C5BB23-D7C4-449F-B364-FE5C967934F2}.Debug|x64.Build.0 = Debug|x64
		{B4C5BB23-D7C4-449F-B364-FE5C967934F2}.Debug|x86.ActiveCfg = Debug|Win32
		{B4C5BB23-D7C4-449F-B364-FE5C967934F2}.Debug|x86.Build.0 = Debug|Win32
		{B4C5BB23-D7C4-449F-B364-FE5C967934F2}.Release|x64.ActiveCfg = Release|x64
		{B4C5BB23-D7C4-449F-B364-FE5C967934F2}.Release|x64.Build.0 = Release|x64
		{B4C5BB23-D7C4-449F-B364-FE5C967934F2}.Release|x86.ActiveCfg = Release|Win32
		{B4C5BB23-D7C4-449F-B364-FE5C967934F2}.Release|x86.Build.0 = Release|Win32
		{9D03358C-5FFA-4604-A219-2C39FFCF0DCD}.Debug|x64.ActiveCfg = Debug|x64
		{9D03358C-5FFA-4604-A219-2C39FFCF0DCD}.Debug|x64.Build.0 = Debug|x64
		{9D03358C-5FFA-4604-A219-2C39FFCF0DCD}.Debug|x86.ActiveCfg = Debug|Win32
		{9D03358C-5FFA-4604-A219-2C39FFCF0DCD}.Debug|x86.Build.0 = Debug|Win32
		{9D03358C-5FFA-4604-A219-2C39FFCF0DCD}.Release|x64.ActiveCfg = Release|x64
		{9D03358C-5FFA-4604-A219-2C39FFCF0DCD}.Release|x64.Build.0 = Release|x64
		{9D03358C-5FFA-4604-A219-2C39FFCF0DCD}.Release|x86.ActiveCfg = Release|Win32
		{9D03358C-5FFA-4604-A219-2C39FFCF0DCD}.Release|x86.Build.0 = Release|Win32
		{2E6899FF-032D-46D9-8698-D097822FE9A8}.Debug|x64.ActiveCfg = Debug|x64
		{2E6899FF-032D-46D9-8698-D097822FE9A8}.Debug|x64.Build.0 = Debug|x64
		{2E6899FF-032D-46D9-8698-D097822FE9A8}.Debug|x86.ActiveCfg = Debug|Win32
		{2E6899FF-032D-46D9-8698-D097822FE9A8}.Debug|x86.Build.0 = Debug|Win32
		{2E6899FF-032D-46D9-8698-D097822FE9A8}.Release|x64.ActiveCfg = Release|x64
		{2E6899FF-032D-46D9-8698-D097822FE9A8}.Release|x64.Build.0 = Release|x64
		{2E6899FF-032D-46D9-8698-D097822FE9A8}.Release|x86.ActiveCfg = Release|Win32
		{2E6899FF-032D-46D9-8698-D097822FE9A8}.Release|x86.Build.0 = Release|Win32
		{02FD1C5F-6B53-468F-8A78-98D388955131}.Debug|x64.ActiveCfg = Debug|x64
		{02FD1C5F-6B53-468F-8A78-98D388955131}.Debug|x64.Build.0 = Debug|x64
		{02FD1C5F-6B53-468F-8A78-98D388955131}.Debug|x86.ActiveCfg = Debug|Win32
		{02FD1C5F-6B53-468F-8A78-98D388955131}.Debug|x86.Build.0 = Debug|Win32
		{02FD1C5F-6B53-468F-8A78-98D388955131}.Release|x64.ActiveCfg = Release|x64
		{02FD1C5F-6B53-468F-8A78-98D388955131}.Release|x64.Build.0 = Release|x64
		{02FD1C5F-6B53-468F-8A78-98D388955131}.Release|x86.ActiveCfg = Release|Win32
		{02FD1C5F-6B53-468F-8A78-98D388955131}.Release|x86.Build.0 = Release|Win32
		{AE0B2B17-5D01-4A71-B86B-7D0013209CF9}.Debug|x64.ActiveCfg = Debug|x64
		{AE0B2B17-5D01-4A71-B86B-7D0013209CF9}.Debug|x64.Build.0 = Debug|x64
		{AE0B2B17-5D01-4A71-B86B-7D0013209CF9}.Debug|x86.ActiveCfg = Debug|Win32
		{AE0B2B17-5D01-4A71-B86B-7D0013209CF9}.Debug|x86.Build.0 = Debug|Win32
		{AE0B2B17-5D01-4A71-B86B-7D0013209CF9}.Release|x64.ActiveCfg = Release|x64
		{AE0B2B17-5D01-4A71-B86B-7D0013209CF9}.Release|x64.Build.0 = Release|x64
		{AE0B2B17-5D01-4A71-B86B-7D0013209CF9}.Release|x86.ActiveCfg = Release|Win32
		{AE0B2B17-5D01-4A71-B86B-7D0013209CF9}.Release|x86.Build.0 = Release|Win32
	EndGlobalSection
	GlobalSection(SolutionProperties) = preSolution
		HideSolutionNode = FALSE
	EndGlobalSection
	GlobalSection(ExtensibilityGlobals) = postSolution
		SolutionGuid = {1A243CED-F6D4-4E82-85E2-72E55529CF30}
	EndGlobalSection
EndGlobal
